
Microsoft Visual Studio Solution File, Format Version 12.00
# Visual Studio Version 17
VisualStudioVersion = 17.11.35222.181
MinimumVisualStudioVersion = 10.0.40219.1
Project("{FAE04EC0-301F-11D3-BF4B-00C04F79EFBC}") = "Sparking Zero Morph Target Spitter Outer", "Sparking Zero Morph Target Spitter Outer\Sparking Zero Morph Target Spitter Outer.csproj", "{AD89E978-EFA8-463F-9EF8-346CC4F47E3E}"
EndProject
Global
	GlobalSection(SolutionConfigurationPlatforms) = preSolution
		Debug|Any CPU = Debug|Any CPU
		Release|Any CPU = Release|Any CPU
	EndGlobalSection
	GlobalSection(ProjectConfigurationPlatforms) = postSolution
		{AD89E978-EFA8-463F-9EF8-346CC4F47E3E}.Debug|Any CPU.ActiveCfg = Debug|Any CPU
		{AD89E978-EFA8-463F-9EF8-346CC4F47E3E}.Debug|Any CPU.Build.0 = Debug|Any CPU
		{AD89E978-EFA8-463F-9EF8-346CC4F47E3E}.Release|Any CPU.ActiveCfg = Release|Any CPU
		{AD89E978-EFA8-463F-9EF8-346CC4F47E3E}.Release|Any CPU.Build.0 = Release|Any CPU
	EndGlobalSection
	GlobalSection(SolutionProperties) = preSolution
		HideSolutionNode = FALSE
	EndGlobalSection
	GlobalSection(ExtensibilityGlobals) = postSolution
		SolutionGuid = {866D63D5-ADA0-4242-945B-8FD7D56DF655}
	EndGlobalSection
EndGlobal
